
Microsoft Visual Studio Solution File, Format Version 12.00
# Visual Studio 15
VisualStudioVersion = 15.0.26124.0
MinimumVisualStudioVersion = 15.0.26124.0
Project("{F2A71F9B-5D33-465A-A702-920D77279786}") = "MyActors", "MyActors\MyActors.fsproj", "{81F6B612-F07E-4A3D-9BFF-018B07DC4913}"
EndProject
Project("{F2A71F9B-5D33-465A-A702-920D77279786}") = "sample.tests", "sample.tests\sample.tests.fsproj", "{BDE0BED0-7A2C-4232-B101-B2EF810090FD}"
EndProject
Global
	GlobalSection(SolutionConfigurationPlatforms) = preSolution
		Debug|Any CPU = Debug|Any CPU
		Debug|x64 = Debug|x64
		Debug|x86 = Debug|x86
		Release|Any CPU = Release|Any CPU
		Release|x64 = Release|x64
		Release|x86 = Release|x86
	EndGlobalSection
	GlobalSection(SolutionProperties) = preSolution
		HideSolutionNode = FALSE
	EndGlobalSection
	GlobalSection(ProjectConfigurationPlatforms) = postSolution
		{81F6B612-F07E-4A3D-9BFF-018B07DC4913}.Debug|Any CPU.ActiveCfg = Debug|Any CPU
		{81F6B612-F07E-4A3D-9BFF-018B07DC4913}.Debug|Any CPU.Build.0 = Debug|Any CPU
		{81F6B612-F07E-4A3D-9BFF-018B07DC4913}.Debug|x64.ActiveCfg = Debug|Any CPU
		{81F6B612-F07E-4A3D-9BFF-018B07DC4913}.Debug|x64.Build.0 = Debug|Any CPU
		{81F6B612-F07E-4A3D-9BFF-018B07DC4913}.Debug|x86.ActiveCfg = Debug|Any CPU
		{81F6B612-F07E-4A3D-9BFF-018B07DC4913}.Debug|x86.Build.0 = Debug|Any CPU
		{81F6B612-F07E-4A3D-9BFF-018B07DC4913}.Release|Any CPU.ActiveCfg = Release|Any CPU
		{81F6B612-F07E-4A3D-9BFF-018B07DC4913}.Release|Any CPU.Build.0 = Release|Any CPU
		{81F6B612-F07E-4A3D-9BFF-018B07DC4913}.Release|x64.ActiveCfg = Release|Any CPU
		{81F6B612-F07E-4A3D-9BFF-018B07DC4913}.Release|x64.Build.0 = Release|Any CPU
		{81F6B612-F07E-4A3D-9BFF-018B07DC4913}.Release|x86.ActiveCfg = Release|Any CPU
		{81F6B612-F07E-4A3D-9BFF-018B07DC4913}.Release|x86.Build.0 = Release|Any CPU
		{BDE0BED0-7A2C-4232-B101-B2EF810090FD}.Debug|Any CPU.ActiveCfg = Debug|Any CPU
		{BDE0BED0-7A2C-4232-B101-B2EF810090FD}.Debug|Any CPU.Build.0 = Debug|Any CPU
		{BDE0BED0-7A2C-4232-B101-B2EF810090FD}.Debug|x64.ActiveCfg = Debug|Any CPU
		{BDE0BED0-7A2C-4232-B101-B2EF810090FD}.Debug|x64.Build.0 = Debug|Any CPU
		{BDE0BED0-7A2C-4232-B101-B2EF810090FD}.Debug|x86.ActiveCfg = Debug|Any CPU
		{BDE0BED0-7A2C-4232-B101-B2EF810090FD}.Debug|x86.Build.0 = Debug|Any CPU
		{BDE0BED0-7A2C-4232-B101-B2EF810090FD}.Release|Any CPU.ActiveCfg = Release|Any CPU
		{BDE0BED0-7A2C-4232-B101-B2EF810090FD}.Release|Any CPU.Build.0 = Release|Any CPU
		{BDE0BED0-7A2C-4232-B101-B2EF810090FD}.Release|x64.ActiveCfg = Release|Any CPU
		{BDE0BED0-7A2C-4232-B101-B2EF810090FD}.Release|x64.Build.0 = Release|Any CPU
		{BDE0BED0-7A2C-4232-B101-B2EF810090FD}.Release|x86.ActiveCfg = Release|Any CPU
		{BDE0BED0-7A2C-4232-B101-B2EF810090FD}.Release|x86.Build.0 = Release|Any CPU
	EndGlobalSection
EndGlobal
